// !$*UTF8*$!
{
	archiveVersion = 1;
	classes = {
	};
	objectVersion = 50;
	objects = {

/* Begin PBXBuildFile section */
		A583783A21FDE5E400046CAF /* AppDelegate.swift in Sources */ = {isa = PBXBuildFile; fileRef = A583783921FDE5E400046CAF /* AppDelegate.swift */; };
		A583783C21FDE5E400046CAF /* ViewController.swift in Sources */ = {isa = PBXBuildFile; fileRef = A583783B21FDE5E400046CAF /* ViewController.swift */; };
		A583783F21FDE5E400046CAF /* Main.storyboard in Resources */ = {isa = PBXBuildFile; fileRef = A583783D21FDE5E400046CAF /* Main.storyboard */; };
		A583784121FDE5E500046CAF /* Assets.xcassets in Resources */ = {isa = PBXBuildFile; fileRef = A583784021FDE5E500046CAF /* Assets.xcassets */; };
		A583784421FDE5E500046CAF /* LaunchScreen.storyboard in Resources */ = {isa = PBXBuildFile; fileRef = A583784221FDE5E500046CAF /* LaunchScreen.storyboard */; };
		A583784C21FDE64900046CAF /* digital-7.ttf in Resources */ = {isa = PBXBuildFile; fileRef = A583784B21FDE64900046CAF /* digital-7.ttf */; };
/* End PBXBuildFile section */

/* Begin PBXFileReference section */
		A583783621FDE5E400046CAF /* BedsideClock.app */ = {isa = PBXFileReference; explicitFileType = wrapper.application; includeInIndex = 0; path = BedsideClock.app; sourceTree = BUILT_PRODUCTS_DIR; };
		A583783921FDE5E400046CAF /* AppDelegate.swift */ = {isa = PBXFileReference; lastKnownFileType = sourcecode.swift; path = AppDelegate.swift; sourceTree = "<group>"; };
		A583783B21FDE5E400046CAF /* ViewController.swift */ = {isa = PBXFileReference; lastKnownFileType = sourcecode.swift; path = ViewController.swift; sourceTree = "<group>"; };
		A583783E21FDE5E400046CAF /* Base */ = {isa = PBXFileReference; lastKnownFileType = file.storyboard; name = Base; path = Base.lproj/Main.storyboard; sourceTree = "<group>"; };
		A583784021FDE5E500046CAF /* Assets.xcassets */ = {isa = PBXFileReference; lastKnownFileType = folder.assetcatalog; path = Assets.xcassets; sourceTree = "<group>"; };
		A583784321FDE5E500046CAF /* Base */ = {isa = PBXFileReference; lastKnownFileType = file.storyboard; name = Base; path = Base.lproj/LaunchScreen.storyboard; sourceTree = "<group>"; };
		A583784521FDE5E500046CAF /* Info.plist */ = {isa = PBXFileReference; lastKnownFileType = text.plist.xml; path = Info.plist; sourceTree = "<group>"; };
		A583784B21FDE64900046CAF /* digital-7.ttf */ = {isa = PBXFileReference; lastKnownFileType = file; path = "digital-7.ttf"; sourceTree = "<group>"; };
/* End PBXFileReference section */

/* Begin PBXFrameworksBuildPhase section */
		A583783321FDE5E400046CAF /* Frameworks */ = {
			isa = PBXFrameworksBuildPhase;
			buildActionMask = 2147483647;
			files = (
			);
			runOnlyForDeploymentPostprocessing = 0;
		};
/* End PBXFrameworksBuildPhase section */

/* Begin PBXGroup section */
		A583782D21FDE5E400046CAF = {
			isa = PBXGroup;
			children = (
				A583783821FDE5E400046CAF /* BedsideClock */,
				A583783721FDE5E400046CAF /* Products */,
			);
			sourceTree = "<group>";
		};
		A583783721FDE5E400046CAF /* Products */ = {
			isa = PBXGroup;
			children = (
				A583783621FDE5E400046CAF /* BedsideClock.app */,
			);
			name = Products;
			sourceTree = "<group>";
		};
		A583783821FDE5E400046CAF /* BedsideClock */ = {
			isa = PBXGroup;
			children = (
				A583783921FDE5E400046CAF /* AppDelegate.swift */,
				A583783B21FDE5E400046CAF /* ViewController.swift */,
				A583783D21FDE5E400046CAF /* Main.storyboard */,
				A583784B21FDE64900046CAF /* digital-7.ttf */,
				A583784021FDE5E500046CAF /* Assets.xcassets */,
				A583784221FDE5E500046CAF /* LaunchScreen.storyboard */,
				A583784521FDE5E500046CAF /* Info.plist */,
			);
			path = BedsideClock;
			sourceTree = "<group>";
		};
/* End PBXGroup section */

/* Begin PBXNativeTarget section */
		A583783521FDE5E400046CAF /* BedsideClock */ = {
			isa = PBXNativeTarget;
			buildConfigurationList = A583784821FDE5E500046CAF /* Build configuration list for PBXNativeTarget "BedsideClock" */;
			buildPhases = (
				A583783221FDE5E400046CAF /* Sources */,
				A583783321FDE5E400046CAF /* Frameworks */,
				A583783421FDE5E400046CAF /* Resources */,
			);
			buildRules = (
			);
			dependencies = (
			);
			name = BedsideClock;
			productName = BedsideClock;
			productReference = A583783621FDE5E400046CAF /* BedsideClock.app */;
			productType = "com.apple.product-type.application";
		};
/* End PBXNativeTarget section */

/* Begin PBXProject section */
		A583782E21FDE5E400046CAF /* Project object */ = {
			isa = PBXProject;
			attributes = {
				LastSwiftUpdateCheck = 1010;
				LastUpgradeCheck = 1010;
				ORGANIZATIONNAME = "сергей";
				TargetAttributes = {
					A583783521FDE5E400046CAF = {
						CreatedOnToolsVersion = 10.1;
					};
				};
			};
			buildConfigurationList = A583783121FDE5E400046CAF /* Build configuration list for PBXProject "BedsideClock" */;
			compatibilityVersion = "Xcode 9.3";
			developmentRegion = en;
			hasScannedForEncodings = 0;
			knownRegions = (
				en,
				Base,
			);
			mainGroup = A583782D21FDE5E400046CAF;
			productRefGroup = A583783721FDE5E400046CAF /* Products */;
			projectDirPath = "";
			projectRoot = "";
			targets = (
				A583783521FDE5E400046CAF /* BedsideClock */,
			);
		};
/* End PBXProject section */

/* Begin PBXResourcesBuildPhase section */
		A583783421FDE5E400046CAF /* Resources */ = {
			isa = PBXResourcesBuildPhase;
			buildActionMask = 2147483647;
			files = (
				A583784421FDE5E500046CAF /* LaunchScreen.storyboard in Resources */,
				A583784121FDE5E500046CAF /* Assets.xcassets in Resources */,
				A583783F21FDE5E400046CAF /* Main.storyboard in Resources */,
				A583784C21FDE64900046CAF /* digital-7.ttf in Resources */,
			);
			runOnlyForDeploymentPostprocessing = 0;
		};
/* End PBXResourcesBuildPhase section */

/* Begin PBXSourcesBuildPhase section */
		A583783221FDE5E400046CAF /* Sources */ = {
			isa = PBXSourcesBuildPhase;
			buildActionMask = 2147483647;
			files = (
				A583783C21FDE5E400046CAF /* ViewController.swift in Sources */,
				A583783A21FDE5E400046CAF /* AppDelegate.swift in Sources */,
			);
			runOnlyForDeploymentPostprocessing = 0;
		};
/* End PBXSourcesBuildPhase section */

/* Begin PBXVariantGroup section */
		A583783D21FDE5E400046CAF /* Main.storyboard */ = {
			isa = PBXVariantGroup;
			children = (
				A583783E21FDE5E400046CAF /* Base */,
			);
			name = Main.storyboard;
			sourceTree = "<group>";
		};
		A583784221FDE5E500046CAF /* LaunchScreen.storyboard */ = {
			isa = PBXVariantGroup;
			children = (
				A583784321FDE5E500046CAF /* Base */,
			);
			name = LaunchScreen.storyboard;
			sourceTree = "<group>";
		};
/* End PBXVariantGroup section */

/* Begin XCBuildConfiguration section */
		A583784621FDE5E500046CAF /* Debug */ = {
			isa = XCBuildConfiguration;
			buildSettings = {
				ALWAYS_SEARCH_USER_PATHS = NO;
				CLANG_ANALYZER_NONNULL = YES;
				CLANG_ANALYZER_NUMBER_OBJECT_CONVERSION = YES_AGGRESSIVE;
				CLANG_CXX_LANGUAGE_STANDARD = "gnu++14";
				CLANG_CXX_LIBRARY = "libc++";
				CLANG_ENABLE_MODULES = YES;
				CLANG_ENABLE_OBJC_ARC = YES;
				CLANG_ENABLE_OBJC_WEAK = YES;
				CLANG_WARN_BLOCK_CAPTURE_AUTORELEASING = YES;
				CLANG_WARN_BOOL_CONVERSION = YES;
				CLANG_WARN_COMMA = YES;
				CLANG_WARN_CONSTANT_CONVERSION = YES;
				CLANG_WARN_DEPRECATED_OBJC_IMPLEMENTATIONS = YES;
				CLANG_WARN_DIRECT_OBJC_ISA_USAGE = YES_ERROR;
				CLANG_WARN_DOCUMENTATION_COMMENTS = YES;
				CLANG_WARN_EMPTY_BODY = YES;
				CLANG_WARN_ENUM_CONVERSION = YES;
				CLANG_WARN_INFINITE_RECURSION = YES;
				CLANG_WARN_INT_CONVERSION = YES;
				CLANG_WARN_NON_LITERAL_NULL_CONVERSION = YES;
				CLANG_WARN_OBJC_IMPLICIT_RETAIN_SELF = YES;
				CLANG_WARN_OBJC_LITERAL_CONVERSION = YES;
				CLANG_WARN_OBJC_ROOT_CLASS = YES_ERROR;
				CLANG_WARN_RANGE_LOOP_ANALYSIS = YES;
				CLANG_WARN_STRICT_PROTOTYPES = YES;
				CLANG_WARN_SUSPICIOUS_MOVE = YES;
				CLANG_WARN_UNGUARDED_AVAILABILITY = YES_AGGRESSIVE;
				CLANG_WARN_UNREACHABLE_CODE = YES;
				CLANG_WARN__DUPLICATE_METHOD_MATCH = YES;
				CODE_SIGN_IDENTITY = "iPhone Developer";
				COPY_PHASE_STRIP = NO;
				DEBUG_INFORMATION_FORMAT = dwarf;
				ENABLE_STRICT_OBJC_MSGSEND = YES;
				ENABLE_TESTABILITY = YES;
				GCC_C_LANGUAGE_STANDARD = gnu11;
				GCC_DYNAMIC_NO_PIC = NO;
				GCC_NO_COMMON_BLOCKS = YES;
				GCC_OPTIMIZATION_LEVEL = 0;
				GCC_PREPROCESSOR_DEFINITIONS = (
					"DEBUG=1",
					"$(inherited)",
				);
				GCC_WARN_64_TO_32_BIT_CONVERSION = YES;
				GCC_WARN_ABOUT_RETURN_TYPE = YES_ERROR;
				GCC_WARN_UNDECLARED_SELECTOR = YES;
				GCC_WARN_UNINITIALIZED_AUTOS = YES_AGGRESSIVE;
				GCC_WARN_UNUSED_FUNCTION = YES;
				GCC_WARN_UNUSED_VARIABLE = YES;
				IPHONEOS_DEPLOYMENT_TARGET = 12.1;
				MTL_ENABLE_DEBUG_INFO = INCLUDE_SOURCE;
				MTL_FAST_MATH = YES;
				ONLY_ACTIVE_ARCH = YES;
				SDKROOT = iphoneos;
				SWIFT_ACTIVE_COMPILATION_CONDITIONS = DEBUG;
				SWIFT_OPTIMIZATION_LEVEL = "-Onone";
			};
			name = Debug;
		};
		A583784721FDE5E500046CAF /* Release */ = {
			isa = XCBuildConfiguration;
			buildSettings = {
				ALWAYS_SEARCH_USER_PATHS = NO;
				CLANG_ANALYZER_NONNULL = YES;
				CLANG_ANALYZER_NUMBER_OBJECT_CONVERSION = YES_AGGRESSIVE;
				CLANG_CXX_LANGUAGE_STANDARD = "gnu++14";
				CLANG_CXX_LIBRARY = "libc++";
				CLANG_ENABLE_MODULES = YES;
				CLANG_ENABLE_OBJC_ARC = YES;
				CLANG_ENABLE_OBJC_WEAK = YES;
				CLANG_WARN_BLOCK_CAPTURE_AUTORELEASING = YES;
				CLANG_WARN_BOOL_CONVERSION = YES;
				CLANG_WARN_COMMA = YES;
				CLANG_WARN_CONSTANT_CONVERSION = YES;
				CLANG_WARN_DEPRECATED_OBJC_IMPLEMENTATIONS = YES;
				CLANG_WARN_DIRECT_OBJC_ISA_USAGE = YES_ERROR;
				CLANG_WARN_DOCUMENTATION_COMMENTS = YES;
				CLANG_WARN_EMPTY_BODY = YES;
				CLANG_WARN_ENUM_CONVERSION = YES;
				CLANG_WARN_INFINITE_RECURSION = YES;
				CLANG_WARN_INT_CONVERSION = YES;
				CLANG_WARN_NON_LITERAL_NULL_CONVERSION = YES;
				CLANG_WARN_OBJC_IMPLICIT_RETAIN_SELF = YES;
				CLANG_WARN_OBJC_LITERAL_CONVERSION = YES;
				CLANG_WARN_OBJC_ROOT_CLASS = YES_ERROR;
				CLANG_WARN_RANGE_LOOP_ANALYSIS = YES;
				CLANG_WARN_STRICT_PROTOTYPES = YES;
				CLANG_WARN_SUSPICIOUS_MOVE = YES;
				CLANG_WARN_UNGUARDED_AVAILABILITY = YES_AGGRESSIVE;
				CLANG_WARN_UNREACHABLE_CODE = YES;
				CLANG_WARN__DUPLICATE_METHOD_MATCH = YES;
				CODE_SIGN_IDENTITY = "iPhone Developer";
				COPY_PHASE_STRIP = NO;
				DEBUG_INFORMATION_FORMAT = "dwarf-with-dsym";
				ENABLE_NS_ASSERTIONS = NO;
				ENABLE_STRICT_OBJC_MSGSEND = YES;
				GCC_C_LANGUAGE_STANDARD = gnu11;
				GCC_NO_COMMON_BLOCKS = YES;
				GCC_WARN_64_TO_32_BIT_CONVERSION = YES;
				GCC_WARN_ABOUT_RETURN_TYPE = YES_ERROR;
				GCC_WARN_UNDECLARED_SELECTOR = YES;
				GCC_WARN_UNINITIALIZED_AUTOS = YES_AGGRESSIVE;
				GCC_WARN_UNUSED_FUNCTION = YES;
				GCC_WARN_UNUSED_VARIABLE = YES;
				IPHONEOS_DEPLOYMENT_TARGET = 12.1;
				MTL_ENABLE_DEBUG_INFO = NO;
				MTL_FAST_MATH = YES;
				SDKROOT = iphoneos;
				SWIFT_COMPILATION_MODE = wholemodule;
				SWIFT_OPTIMIZATION_LEVEL = "-O";
				VALIDATE_PRODUCT = YES;
			};
			name = Release;
		};
		A583784921FDE5E500046CAF /* Debug */ = {
			isa = XCBuildConfiguration;
			buildSettings = {
				ASSETCATALOG_COMPILER_APPICON_NAME = AppIcon;
				CODE_SIGN_STYLE = Automatic;
				DEVELOPMENT_TEAM = 9CSPGX38AJ;
				INFOPLIST_FILE = BedsideClock/Info.plist;
				IPHONEOS_DEPLOYMENT_TARGET = 12.0;
				LD_RUNPATH_SEARCH_PATHS = (
					"$(inherited)",
					"@executable_path/Frameworks",
				);
				PRODUCT_BUNDLE_IDENTIFIER = com.test..BedsideClock;
				PRODUCT_NAME = "$(TARGET_NAME)";
				SWIFT_VERSION = 4.2;
				TARGETED_DEVICE_FAMILY = 2;
			};
			name = Debug;
		};
		A583784A21FDE5E500046CAF /* Release */ = {
			isa = XCBuildConfiguration;
			buildSettings = {
				ASSETCATALOG_COMPILER_APPICON_NAME = AppIcon;
				CODE_SIGN_STYLE = Automatic;
				DEVELOPMENT_TEAM = 9CSPGX38AJ;
				INFOPLIST_FILE = BedsideClock/Info.plist;
				IPHONEOS_DEPLOYMENT_TARGET = 12.0;
				LD_RUNPATH_SEARCH_PATHS = (
					"$(inherited)",
					"@executable_path/Frameworks",
				);
				PRODUCT_BUNDLE_IDENTIFIER = com.test..BedsideClock;
				PRODUCT_NAME = "$(TARGET_NAME)";
				SWIFT_VERSION = 4.2;
				TARGETED_DEVICE_FAMILY = 2;
			};
			name = Release;
		};
/* End XCBuildConfiguration section */

/* Begin XCConfigurationList section */
		A583783121FDE5E400046CAF /* Build configuration list for PBXProject "BedsideClock" */ = {
			isa = XCConfigurationList;
			buildConfigurations = (
				A583784621FDE5E500046CAF /* Debug */,
				A583784721FDE5E500046CAF /* Release */,
			);
			defaultConfigurationIsVisible = 0;
			defaultConfigurationName = Release;
		};
		A583784821FDE5E500046CAF /* Build configuration list for PBXNativeTarget "BedsideClock" */ = {
			isa = XCConfigurationList;
			buildConfigurations = (
				A583784921FDE5E500046CAF /* Debug */,
				A583784A21FDE5E500046CAF /* Release */,
			);
			defaultConfigurationIsVisible = 0;
			defaultConfigurationName = Release;
		};
/* End XCConfigurationList section */
	};
	rootObject = A583782E21FDE5E400046CAF /* Project object */;
}
